
Microsoft Visual Studio Solution File, Format Version 12.00
Project("{FAE04EC0-301F-11D3-BF4B-00C04F79EFBC}") = "CSNoteBook", "CSNoteBook\CSNoteBook.csproj", "{BC7CED80-D95B-453E-B902-A5FC2C566A84}"
EndProject
Global
	GlobalSection(SolutionConfigurationPlatforms) = preSolution
		Debug|Any CPU = Debug|Any CPU
		Release|Any CPU = Release|Any CPU
	EndGlobalSection
	GlobalSection(ProjectConfigurationPlatforms) = postSolution
		{BC7CED80-D95B-453E-B902-A5FC2C566A84}.Debug|Any CPU.ActiveCfg = Debug|Any CPU
		{BC7CED80-D95B-453E-B902-A5FC2C566A84}.Debug|Any CPU.Build.0 = Debug|Any CPU
		{BC7CED80-D95B-453E-B902-A5FC2C566A84}.Release|Any CPU.ActiveCfg = Release|Any CPU
		{BC7CED80-D95B-453E-B902-A5FC2C566A84}.Release|Any CPU.Build.0 = Release|Any CPU
	EndGlobalSection
EndGlobal
